
Microsoft Visual Studio Solution File, Format Version 12.00
# Visual Studio Version 16
VisualStudioVersion = 16.0.29209.62
MinimumVisualStudioVersion = 10.0.40219.1
Project("{FAE04EC0-301F-11D3-BF4B-00C04F79EFBC}") = "osu flashlight", "osu flashlight\osu flashlight.csproj", "{473C2159-4AC0-4CFD-9E46-CF6FA725CF2B}"
EndProject
Global
	GlobalSection(SolutionConfigurationPlatforms) = preSolution
		Debug|Any CPU = Debug|Any CPU
		Release|Any CPU = Release|Any CPU
	EndGlobalSection
	GlobalSection(ProjectConfigurationPlatforms) = postSolution
		{473C2159-4AC0-4CFD-9E46-CF6FA725CF2B}.Debug|Any CPU.ActiveCfg = Debug|Any CPU
		{473C2159-4AC0-4CFD-9E46-CF6FA725CF2B}.Debug|Any CPU.Build.0 = Debug|Any CPU
		{473C2159-4AC0-4CFD-9E46-CF6FA725CF2B}.Release|Any CPU.ActiveCfg = Release|Any CPU
		{473C2159-4AC0-4CFD-9E46-CF6FA725CF2B}.Release|Any CPU.Build.0 = Release|Any CPU
	EndGlobalSection
	GlobalSection(SolutionProperties) = preSolution
		HideSolutionNode = FALSE
	EndGlobalSection
	GlobalSection(ExtensibilityGlobals) = postSolution
		SolutionGuid = {63105871-A0D7-4607-A227-BBE15B16FFB0}
	EndGlobalSection
EndGlobal
